dependencies:
- name: mariadb
  repository: oci://registry-1.docker.io/bitnamicharts
  version: 25.0.8
- name: postgresql
  repository: oci://registry-1.docker.io/bitnamicharts
  version: 18.5.18
digest: sha256:1efba79269468119c54673d6cf5561734080503169b670cf410927d3adfccd34
generated: "2026-04-15T19:31:24.103355857Z"
