dependencies:
- name: falcosidekick
  repository: https://falcosecurity.github.io/charts
  version: 0.13.1
- name: k8s-metacollector
  repository: https://falcosecurity.github.io/charts
  version: 0.3.0
- name: falco-talon
  repository: https://falcosecurity.github.io/charts
  version: 0.4.0
digest: sha256:789c10666aaf7649ec9a510ece50d7282e83d881b6f52936238453f4b34e8012
generated: "2026-04-15T14:43:19.431254205Z"
