dependencies:
- name: falcosidekick
  repository: https://falcosecurity.github.io/charts
  version: 0.13.1
- name: k8s-metacollector
  repository: https://falcosecurity.github.io/charts
  version: 0.1.10
- name: falco-talon
  repository: https://falcosecurity.github.io/charts
  version: 0.4.0
digest: sha256:c9e56ec2a1a225c4abad0bdf42bc0ea08621848f2e1c5438a869b3fb80cb35f7
generated: "2026-04-15T09:34:00.956211162Z"
