dependencies:
- name: falcosidekick
  repository: https://falcosecurity.github.io/charts
  version: 0.12.1
- name: k8s-metacollector
  repository: https://falcosecurity.github.io/charts
  version: 0.1.10
- name: falco-talon
  repository: https://falcosecurity.github.io/charts
  version: 0.4.0
digest: sha256:5611e0f24502b68d5411901a16ac2bd6365da1678e0feccdbc890a318acd7134
generated: "2026-04-15T09:32:49.088318693Z"
